
Microsoft Visual Studio Solution File, Format Version 12.00
# Visual Studio Version 17
VisualStudioVersion = 17.9.34607.119
MinimumVisualStudioVersion = 10.0.40219.1
Project("{FAE04EC0-301F-11D3-BF4B-00C04F79EFBC}") = "crud-app", "crud-app\crud-app.csproj", "{8645467C-2BD9-4DAA-94C1-43D42208152E}"
EndProject
Global
	GlobalSection(SolutionConfigurationPlatforms) = preSolution
		Debug|Any CPU = Debug|Any CPU
		Release|Any CPU = Release|Any CPU
	EndGlobalSection
	GlobalSection(ProjectConfigurationPlatforms) = postSolution
		{8645467C-2BD9-4DAA-94C1-43D42208152E}.Debug|Any CPU.ActiveCfg = Debug|Any CPU
		{8645467C-2BD9-4DAA-94C1-43D42208152E}.Debug|Any CPU.Build.0 = Debug|Any CPU
		{8645467C-2BD9-4DAA-94C1-43D42208152E}.Release|Any CPU.ActiveCfg = Release|Any CPU
		{8645467C-2BD9-4DAA-94C1-43D42208152E}.Release|Any CPU.Build.0 = Release|Any CPU
	EndGlobalSection
	GlobalSection(SolutionProperties) = preSolution
		HideSolutionNode = FALSE
	EndGlobalSection
	GlobalSection(ExtensibilityGlobals) = postSolution
		SolutionGuid = {AF93D009-AC42-4D69-BBFC-557902BB1603}
	EndGlobalSection
EndGlobal
